// !$*UTF8*$!
{
	archiveVersion = 1;
	classes = {
	};
	objectVersion = 51;
	objects = {

/* Begin PBXBuildFile section */
		75F911C72434346F005EA46C /* AppDelegate.swift in Sources */ = {isa = PBXBuildFile; fileRef = 75F911C62434346F005EA46C /* AppDelegate.swift */; };
		75F911C92434346F005EA46C /* SceneDelegate.swift in Sources */ = {isa = PBXBuildFile; fileRef = 75F911C82434346F005EA46C /* SceneDelegate.swift */; };
		75F911CB2434346F005EA46C /* LoginViewController.swift in Sources */ = {isa = PBXBuildFile; fileRef = 75F911CA2434346F005EA46C /* LoginViewController.swift */; };
		75F911CE2434346F005EA46C /* Main.storyboard in Resources */ = {isa = PBXBuildFile; fileRef = 75F911CC2434346F005EA46C /* Main.storyboard */; };
		75F911D024343471005EA46C /* Assets.xcassets in Resources */ = {isa = PBXBuildFile; fileRef = 75F911CF24343471005EA46C /* Assets.xcassets */; };
		75F911D324343471005EA46C /* LaunchScreen.storyboard in Resources */ = {isa = PBXBuildFile; fileRef = 75F911D124343471005EA46C /* LaunchScreen.storyboard */; };
		75F911DB24343B5C005EA46C /* GoogleService-Info.plist in Resources */ = {isa = PBXBuildFile; fileRef = 75F911DA24343B53005EA46C /* GoogleService-Info.plist */; };
		75F911DD24344380005EA46C /* DashboardViewController.swift in Sources */ = {isa = PBXBuildFile; fileRef = 75F911DC24344380005EA46C /* DashboardViewController.swift */; };
		75F911DF2434447D005EA46C /* KeyChainClass.swift in Sources */ = {isa = PBXBuildFile; fileRef = 75F911DE2434447D005EA46C /* KeyChainClass.swift */; };
		75F911E124344B80005EA46C /* RegisterViewController.swift in Sources */ = {isa = PBXBuildFile; fileRef = 75F911E024344B80005EA46C /* RegisterViewController.swift */; };
		F93DCDFB2C515816C368340A /* Pods_InstaNEU.framework in Frameworks */ = {isa = PBXBuildFile; fileRef = 1943BBC020C89046CF8F1246 /* Pods_InstaNEU.framework */; };
/* End PBXBuildFile section */

/* Begin PBXFileReference section */
		1943BBC020C89046CF8F1246 /* Pods_InstaNEU.framework */ = {isa = PBXFileReference; explicitFileType = wrapper.framework; includeInIndex = 0; path = Pods_InstaNEU.framework; sourceTree = BUILT_PRODUCTS_DIR; };
		75F911C32434346F005EA46C /* InstaNEU.app */ = {isa = PBXFileReference; explicitFileType = wrapper.application; includeInIndex = 0; path = InstaNEU.app; sourceTree = BUILT_PRODUCTS_DIR; };
		75F911C62434346F005EA46C /* AppDelegate.swift */ = {isa = PBXFileReference; lastKnownFileType = sourcecode.swift; path = AppDelegate.swift; sourceTree = "<group>"; };
		75F911C82434346F005EA46C /* SceneDelegate.swift */ = {isa = PBXFileReference; lastKnownFileType = sourcecode.swift; path = SceneDelegate.swift; sourceTree = "<group>"; };
		75F911CA2434346F005EA46C /* LoginViewController.swift */ = {isa = PBXFileReference; lastKnownFileType = sourcecode.swift; path = LoginViewController.swift; sourceTree = "<group>"; };
		75F911CD2434346F005EA46C /* Base */ = {isa = PBXFileReference; lastKnownFileType = file.storyboard; name = Base; path = Base.lproj/Main.storyboard; sourceTree = "<group>"; };
		75F911CF24343471005EA46C /* Assets.xcassets */ = {isa = PBXFileReference; lastKnownFileType = folder.assetcatalog; path = Assets.xcassets; sourceTree = "<group>"; };
		75F911D224343471005EA46C /* Base */ = {isa = PBXFileReference; lastKnownFileType = file.storyboard; name = Base; path = Base.lproj/LaunchScreen.storyboard; sourceTree = "<group>"; };
		75F911D424343471005EA46C /* Info.plist */ = {isa = PBXFileReference; lastKnownFileType = text.plist.xml; path = Info.plist; sourceTree = "<group>"; };
		75F911DA24343B53005EA46C /* GoogleService-Info.plist */ = {isa = PBXFileReference; lastKnownFileType = text.plist.xml; path = "GoogleService-Info.plist"; sourceTree = "<group>"; };
		75F911DC24344380005EA46C /* DashboardViewController.swift */ = {isa = PBXFileReference; lastKnownFileType = sourcecode.swift; path = DashboardViewController.swift; sourceTree = "<group>"; };
		75F911DE2434447D005EA46C /* KeyChainClass.swift */ = {isa = PBXFileReference; lastKnownFileType = sourcecode.swift; path = KeyChainClass.swift; sourceTree = "<group>"; };
		75F911E024344B80005EA46C /* RegisterViewController.swift */ = {isa = PBXFileReference; lastKnownFileType = sourcecode.swift; path = RegisterViewController.swift; sourceTree = "<group>"; };
		92389674A2FBC1F30C20399C /* Pods-InstaNEU.debug.xcconfig */ = {isa = PBXFileReference; includeInIndex = 1; lastKnownFileType = text.xcconfig; name = "Pods-InstaNEU.debug.xcconfig"; path = "Target Support Files/Pods-InstaNEU/Pods-InstaNEU.debug.xcconfig"; sourceTree = "<group>"; };
		C48DCAD765877740DD53BCB7 /* Pods-InstaNEU.release.xcconfig */ = {isa = PBXFileReference; includeInIndex = 1; lastKnownFileType = text.xcconfig; name = "Pods-InstaNEU.release.xcconfig"; path = "Target Support Files/Pods-InstaNEU/Pods-InstaNEU.release.xcconfig"; sourceTree = "<group>"; };
/* End PBXFileReference section */

/* Begin PBXFrameworksBuildPhase section */
		75F911C02434346F005EA46C /* Frameworks */ = {
			isa = PBXFrameworksBuildPhase;
			buildActionMask = 2147483647;
			files = (
				F93DCDFB2C515816C368340A /* Pods_InstaNEU.framework in Frameworks */,
			);
			runOnlyForDeploymentPostprocessing = 0;
		};
/* End PBXFrameworksBuildPhase section */

/* Begin PBXGroup section */
		49C44D30705BF2C33001B8E9 /* Pods */ = {
			isa = PBXGroup;
			children = (
				92389674A2FBC1F30C20399C /* Pods-InstaNEU.debug.xcconfig */,
				C48DCAD765877740DD53BCB7 /* Pods-InstaNEU.release.xcconfig */,
			);
			path = Pods;
			sourceTree = "<group>";
		};
		6721262CB8F9490850721050 /* Frameworks */ = {
			isa = PBXGroup;
			children = (
				1943BBC020C89046CF8F1246 /* Pods_InstaNEU.framework */,
			);
			name = Frameworks;
			sourceTree = "<group>";
		};
		75F911BA2434346F005EA46C = {
			isa = PBXGroup;
			children = (
				75F911C52434346F005EA46C /* InstaNEU */,
				75F911C42434346F005EA46C /* Products */,
				49C44D30705BF2C33001B8E9 /* Pods */,
				6721262CB8F9490850721050 /* Frameworks */,
			);
			sourceTree = "<group>";
		};
		75F911C42434346F005EA46C /* Products */ = {
			isa = PBXGroup;
			children = (
				75F911C32434346F005EA46C /* InstaNEU.app */,
			);
			name = Products;
			sourceTree = "<group>";
		};
		75F911C52434346F005EA46C /* InstaNEU */ = {
			isa = PBXGroup;
			children = (
				75F911C62434346F005EA46C /* AppDelegate.swift */,
				75F911C82434346F005EA46C /* SceneDelegate.swift */,
				75F911CA2434346F005EA46C /* LoginViewController.swift */,
				75F911CC2434346F005EA46C /* Main.storyboard */,
				75F911CF24343471005EA46C /* Assets.xcassets */,
				75F911D124343471005EA46C /* LaunchScreen.storyboard */,
				75F911DA24343B53005EA46C /* GoogleService-Info.plist */,
				75F911D424343471005EA46C /* Info.plist */,
				75F911DC24344380005EA46C /* DashboardViewController.swift */,
				75F911DE2434447D005EA46C /* KeyChainClass.swift */,
				75F911E024344B80005EA46C /* RegisterViewController.swift */,
			);
			path = InstaNEU;
			sourceTree = "<group>";
		};
/* End PBXGroup section */

/* Begin PBXNativeTarget section */
		75F911C22434346F005EA46C /* InstaNEU */ = {
			isa = PBXNativeTarget;
			buildConfigurationList = 75F911D724343471005EA46C /* Build configuration list for PBXNativeTarget "InstaNEU" */;
			buildPhases = (
				D952BE618EB4286E2B19247C /* [CP] Check Pods Manifest.lock */,
				75F911BF2434346F005EA46C /* Sources */,
				75F911C02434346F005EA46C /* Frameworks */,
				75F911C12434346F005EA46C /* Resources */,
				EB32C1C9CAE02B0D1AAC38D1 /* [CP] Embed Pods Frameworks */,
			);
			buildRules = (
			);
			dependencies = (
			);
			name = InstaNEU;
			productName = InstaNEU;
			productReference = 75F911C32434346F005EA46C /* InstaNEU.app */;
			productType = "com.apple.product-type.application";
		};
/* End PBXNativeTarget section */

/* Begin PBXProject section */
		75F911BB2434346F005EA46C /* Project object */ = {
			isa = PBXProject;
			attributes = {
				LastSwiftUpdateCheck = 1140;
				LastUpgradeCheck = 1140;
				ORGANIZATIONNAME = "Ashish Ashish";
				TargetAttributes = {
					75F911C22434346F005EA46C = {
						CreatedOnToolsVersion = 11.4;
					};
				};
			};
			buildConfigurationList = 75F911BE2434346F005EA46C /* Build configuration list for PBXProject "InstaNEU" */;
			compatibilityVersion = "Xcode 9.3";
			developmentRegion = en;
			hasScannedForEncodings = 0;
			knownRegions = (
				en,
				Base,
			);
			mainGroup = 75F911BA2434346F005EA46C;
			productRefGroup = 75F911C42434346F005EA46C /* Products */;
			projectDirPath = "";
			projectRoot = "";
			targets = (
				75F911C22434346F005EA46C /* InstaNEU */,
			);
		};
/* End PBXProject section */

/* Begin PBXResourcesBuildPhase section */
		75F911C12434346F005EA46C /* Resources */ = {
			isa = PBXResourcesBuildPhase;
			buildActionMask = 2147483647;
			files = (
				75F911D324343471005EA46C /* LaunchScreen.storyboard in Resources */,
				75F911DB24343B5C005EA46C /* GoogleService-Info.plist in Resources */,
				75F911D024343471005EA46C /* Assets.xcassets in Resources */,
				75F911CE2434346F005EA46C /* Main.storyboard in Resources */,
			);
			runOnlyForDeploymentPostprocessing = 0;
		};
/* End PBXResourcesBuildPhase section */

/* Begin PBXShellScriptBuildPhase section */
		D952BE618EB4286E2B19247C /* [CP] Check Pods Manifest.lock */ = {
			isa = PBXShellScriptBuildPhase;
			buildActionMask = 2147483647;
			files = (
			);
			inputFileListPaths = (
			);
			inputPaths = (
				"${PODS_PODFILE_DIR_PATH}/Podfile.lock",
				"${PODS_ROOT}/Manifest.lock",
			);
			name = "[CP] Check Pods Manifest.lock";
			outputFileListPaths = (
			);
			outputPaths = (
				"$(DERIVED_FILE_DIR)/Pods-InstaNEU-checkManifestLockResult.txt",
			);
			runOnlyForDeploymentPostprocessing = 0;
			shellPath = /bin/sh;
			shellScript = "diff \"${PODS_PODFILE_DIR_PATH}/Podfile.lock\" \"${PODS_ROOT}/Manifest.lock\" > /dev/null\nif [ $? != 0 ] ; then\n    # print error to STDERR\n    echo \"error: The sandbox is not in sync with the Podfile.lock. Run 'pod install' or update your CocoaPods installation.\" >&2\n    exit 1\nfi\n# This output is used by Xcode 'outputs' to avoid re-running this script phase.\necho \"SUCCESS\" > \"${SCRIPT_OUTPUT_FILE_0}\"\n";
			showEnvVarsInLog = 0;
		};
		EB32C1C9CAE02B0D1AAC38D1 /* [CP] Embed Pods Frameworks */ = {
			isa = PBXShellScriptBuildPhase;
			buildActionMask = 2147483647;
			files = (
			);
			inputFileListPaths = (
				"${PODS_ROOT}/Target Support Files/Pods-InstaNEU/Pods-InstaNEU-frameworks-${CONFIGURATION}-input-files.xcfilelist",
			);
			name = "[CP] Embed Pods Frameworks";
			outputFileListPaths = (
				"${PODS_ROOT}/Target Support Files/Pods-InstaNEU/Pods-InstaNEU-frameworks-${CONFIGURATION}-output-files.xcfilelist",
			);
			runOnlyForDeploymentPostprocessing = 0;
			shellPath = /bin/sh;
			shellScript = "\"${PODS_ROOT}/Target Support Files/Pods-InstaNEU/Pods-InstaNEU-frameworks.sh\"\n";
			showEnvVarsInLog = 0;
		};
/* End PBXShellScriptBuildPhase section */

/* Begin PBXSourcesBuildPhase section */
		75F911BF2434346F005EA46C /* Sources */ = {
			isa = PBXSourcesBuildPhase;
			buildActionMask = 2147483647;
			files = (
				75F911CB2434346F005EA46C /* LoginViewController.swift in Sources */,
				75F911C72434346F005EA46C /* AppDelegate.swift in Sources */,
				75F911DF2434447D005EA46C /* KeyChainClass.swift in Sources */,
				75F911E124344B80005EA46C /* RegisterViewController.swift in Sources */,
				75F911C92434346F005EA46C /* SceneDelegate.swift in Sources */,
				75F911DD24344380005EA46C /* DashboardViewController.swift in Sources */,
			);
			runOnlyForDeploymentPostprocessing = 0;
		};
/* End PBXSourcesBuildPhase section */

/* Begin PBXVariantGroup section */
		75F911CC2434346F005EA46C /* Main.storyboard */ = {
			isa = PBXVariantGroup;
			children = (
				75F911CD2434346F005EA46C /* Base */,
			);
			name = Main.storyboard;
			sourceTree = "<group>";
		};
		75F911D124343471005EA46C /* LaunchScreen.storyboard */ = {
			isa = PBXVariantGroup;
			children = (
				75F911D224343471005EA46C /* Base */,
			);
			name = LaunchScreen.storyboard;
			sourceTree = "<group>";
		};
/* End PBXVariantGroup section */

/* Begin XCBuildConfiguration section */
		75F911D524343471005EA46C /* Debug */ = {
			isa = XCBuildConfiguration;
			buildSettings = {
				ALWAYS_SEARCH_USER_PATHS = NO;
				CLANG_ANALYZER_NONNULL = YES;
				CLANG_ANALYZER_NUMBER_OBJECT_CONVERSION = YES_AGGRESSIVE;
				CLANG_CXX_LANGUAGE_STANDARD = "gnu++14";
				CLANG_CXX_LIBRARY = "libc++";
				CLANG_ENABLE_MODULES = YES;
				CLANG_ENABLE_OBJC_ARC = YES;
				CLANG_ENABLE_OBJC_WEAK = YES;
				CLANG_WARN_BLOCK_CAPTURE_AUTORELEASING = YES;
				CLANG_WARN_BOOL_CONVERSION = YES;
				CLANG_WARN_COMMA = YES;
				CLANG_WARN_CONSTANT_CONVERSION = YES;
				CLANG_WARN_DEPRECATED_OBJC_IMPLEMENTATIONS = YES;
				CLANG_WARN_DIRECT_OBJC_ISA_USAGE = YES_ERROR;
				CLANG_WARN_DOCUMENTATION_COMMENTS = YES;
				CLANG_WARN_EMPTY_BODY = YES;
				CLANG_WARN_ENUM_CONVERSION = YES;
				CLANG_WARN_INFINITE_RECURSION = YES;
				CLANG_WARN_INT_CONVERSION = YES;
				CLANG_WARN_NON_LITERAL_NULL_CONVERSION = YES;
				CLANG_WARN_OBJC_IMPLICIT_RETAIN_SELF = YES;
				CLANG_WARN_OBJC_LITERAL_CONVERSION = YES;
				CLANG_WARN_OBJC_ROOT_CLASS = YES_ERROR;
				CLANG_WARN_RANGE_LOOP_ANALYSIS = YES;
				CLANG_WARN_STRICT_PROTOTYPES = YES;
				CLANG_WARN_SUSPICIOUS_MOVE = YES;
				CLANG_WARN_UNGUARDED_AVAILABILITY = YES_AGGRESSIVE;
				CLANG_WARN_UNREACHABLE_CODE = YES;
				CLANG_WARN__DUPLICATE_METHOD_MATCH = YES;
				COPY_PHASE_STRIP = NO;
				DEBUG_INFORMATION_FORMAT = dwarf;
				ENABLE_STRICT_OBJC_MSGSEND = YES;
				ENABLE_TESTABILITY = YES;
				GCC_C_LANGUAGE_STANDARD = gnu11;
				GCC_DYNAMIC_NO_PIC = NO;
				GCC_NO_COMMON_BLOCKS = YES;
				GCC_OPTIMIZATION_LEVEL = 0;
				GCC_PREPROCESSOR_DEFINITIONS = (
					"DEBUG=1",
					"$(inherited)",
				);
				GCC_WARN_64_TO_32_BIT_CONVERSION = YES;
				GCC_WARN_ABOUT_RETURN_TYPE = YES_ERROR;
				GCC_WARN_UNDECLARED_SELECTOR = YES;
				GCC_WARN_UNINITIALIZED_AUTOS = YES_AGGRESSIVE;
				GCC_WARN_UNUSED_FUNCTION = YES;
				GCC_WARN_UNUSED_VARIABLE = YES;
				IPHONEOS_DEPLOYMENT_TARGET = 13.4;
				MTL_ENABLE_DEBUG_INFO = INCLUDE_SOURCE;
				MTL_FAST_MATH = YES;
				ONLY_ACTIVE_ARCH = YES;
				SDKROOT = iphoneos;
				SWIFT_ACTIVE_COMPILATION_CONDITIONS = DEBUG;
				SWIFT_OPTIMIZATION_LEVEL = "-Onone";
			};
			name = Debug;
		};
		75F911D624343471005EA46C /* Release */ = {
			isa = XCBuildConfiguration;
			buildSettings = {
				ALWAYS_SEARCH_USER_PATHS = NO;
				CLANG_ANALYZER_NONNULL = YES;
				CLANG_ANALYZER_NUMBER_OBJECT_CONVERSION = YES_AGGRESSIVE;
				CLANG_CXX_LANGUAGE_STANDARD = "gnu++14";
				CLANG_CXX_LIBRARY = "libc++";
				CLANG_ENABLE_MODULES = YES;
				CLANG_ENABLE_OBJC_ARC = YES;
				CLANG_ENABLE_OBJC_WEAK = YES;
				CLANG_WARN_BLOCK_CAPTURE_AUTORELEASING = YES;
				CLANG_WARN_BOOL_CONVERSION = YES;
				CLANG_WARN_COMMA = YES;
				CLANG_WARN_CONSTANT_CONVERSION = YES;
				CLANG_WARN_DEPRECATED_OBJC_IMPLEMENTATIONS = YES;
				CLANG_WARN_DIRECT_OBJC_ISA_USAGE = YES_ERROR;
				CLANG_WARN_DOCUMENTATION_COMMENTS = YES;
				CLANG_WARN_EMPTY_BODY = YES;
				CLANG_WARN_ENUM_CONVERSION = YES;
				CLANG_WARN_INFINITE_RECURSION = YES;
				CLANG_WARN_INT_CONVERSION = YES;
				CLANG_WARN_NON_LITERAL_NULL_CONVERSION = YES;
				CLANG_WARN_OBJC_IMPLICIT_RETAIN_SELF = YES;
				CLANG_WARN_OBJC_LITERAL_CONVERSION = YES;
				CLANG_WARN_OBJC_ROOT_CLASS = YES_ERROR;
				CLANG_WARN_RANGE_LOOP_ANALYSIS = YES;
				CLANG_WARN_STRICT_PROTOTYPES = YES;
				CLANG_WARN_SUSPICIOUS_MOVE = YES;
				CLANG_WARN_UNGUARDED_AVAILABILITY = YES_AGGRESSIVE;
				CLANG_WARN_UNREACHABLE_CODE = YES;
				CLANG_WARN__DUPLICATE_METHOD_MATCH = YES;
				COPY_PHASE_STRIP = NO;
				DEBUG_INFORMATION_FORMAT = "dwarf-with-dsym";
				ENABLE_NS_ASSERTIONS = NO;
				ENABLE_STRICT_OBJC_MSGSEND = YES;
				GCC_C_LANGUAGE_STANDARD = gnu11;
				GCC_NO_COMMON_BLOCKS = YES;
				GCC_WARN_64_TO_32_BIT_CONVERSION = YES;
				GCC_WARN_ABOUT_RETURN_TYPE = YES_ERROR;
				GCC_WARN_UNDECLARED_SELECTOR = YES;
				GCC_WARN_UNINITIALIZED_AUTOS = YES_AGGRESSIVE;
				GCC_WARN_UNUSED_FUNCTION = YES;
				GCC_WARN_UNUSED_VARIABLE = YES;
				IPHONEOS_DEPLOYMENT_TARGET = 13.4;
				MTL_ENABLE_DEBUG_INFO = NO;
				MTL_FAST_MATH = YES;
				SDKROOT = iphoneos;
				SWIFT_COMPILATION_MODE = wholemodule;
				SWIFT_OPTIMIZATION_LEVEL = "-O";
				VALIDATE_PRODUCT = YES;
			};
			name = Release;
		};
		75F911D824343471005EA46C /* Debug */ = {
			isa = XCBuildConfiguration;
			baseConfigurationReference = 92389674A2FBC1F30C20399C /* Pods-InstaNEU.debug.xcconfig */;
			buildSettings = {
				ASSETCATALOG_COMPILER_APPICON_NAME = AppIcon;
				CODE_SIGN_STYLE = Automatic;
				DEVELOPMENT_TEAM = DJQS9YSS64;
				INFOPLIST_FILE = InstaNEU/Info.plist;
				IPHONEOS_DEPLOYMENT_TARGET = 13.0;
				LD_RUNPATH_SEARCH_PATHS = (
					"$(inherited)",
					"@executable_path/Frameworks",
				);
				PRODUCT_BUNDLE_IDENTIFIER = edu.northeastern.ashish.InstaNEU;
				PRODUCT_NAME = "$(TARGET_NAME)";
				SWIFT_VERSION = 5.0;
				TARGETED_DEVICE_FAMILY = "1,2";
			};
			name = Debug;
		};
		75F911D924343471005EA46C /* Release */ = {
			isa = XCBuildConfiguration;
			baseConfigurationReference = C48DCAD765877740DD53BCB7 /* Pods-InstaNEU.release.xcconfig */;
			buildSettings = {
				ASSETCATALOG_COMPILER_APPICON_NAME = AppIcon;
				CODE_SIGN_STYLE = Automatic;
				DEVELOPMENT_TEAM = DJQS9YSS64;
				INFOPLIST_FILE = InstaNEU/Info.plist;
				IPHONEOS_DEPLOYMENT_TARGET = 13.0;
				LD_RUNPATH_SEARCH_PATHS = (
					"$(inherited)",
					"@executable_path/Frameworks",
				);
				PRODUCT_BUNDLE_IDENTIFIER = edu.northeastern.ashish.InstaNEU;
				PRODUCT_NAME = "$(TARGET_NAME)";
				SWIFT_VERSION = 5.0;
				TARGETED_DEVICE_FAMILY = "1,2";
			};
			name = Release;
		};
/* End XCBuildConfiguration section */

/* Begin XCConfigurationList section */
		75F911BE2434346F005EA46C /* Build configuration list for PBXProject "InstaNEU" */ = {
			isa = XCConfigurationList;
			buildConfigurations = (
				75F911D524343471005EA46C /* Debug */,
				75F911D624343471005EA46C /* Release */,
			);
			defaultConfigurationIsVisible = 0;
			defaultConfigurationName = Release;
		};
		75F911D724343471005EA46C /* Build configuration list for PBXNativeTarget "InstaNEU" */ = {
			isa = XCConfigurationList;
			buildConfigurations = (
				75F911D824343471005EA46C /* Debug */,
				75F911D924343471005EA46C /* Release */,
			);
			defaultConfigurationIsVisible = 0;
			defaultConfigurationName = Release;
		};
/* End XCConfigurationList section */
	};
	rootObject = 75F911BB2434346F005EA46C /* Project object */;
}
